
Microsoft Visual Studio Solution File, Format Version 12.00
# Visual Studio Version 16
VisualStudioVersion = 16.0.30804.86
MinimumVisualStudioVersion = 10.0.40219.1
Project("{FAE04EC0-301F-11D3-BF4B-00C04F79EFBC}") = "Без тормазов", "Без тормазов.csproj", "{6B3E866E-3AAC-44A0-89E4-1ABCC9C5F2F1}"
EndProject
Global
	GlobalSection(SolutionConfigurationPlatforms) = preSolution
		Debug|Any CPU = Debug|Any CPU
		Release|Any CPU = Release|Any CPU
	EndGlobalSection
	GlobalSection(ProjectConfigurationPlatforms) = postSolution
		{6B3E866E-3AAC-44A0-89E4-1ABCC9C5F2F1}.Debug|Any CPU.ActiveCfg = Debug|Any CPU
		{6B3E866E-3AAC-44A0-89E4-1ABCC9C5F2F1}.Debug|Any CPU.Build.0 = Debug|Any CPU
		{6B3E866E-3AAC-44A0-89E4-1ABCC9C5F2F1}.Release|Any CPU.ActiveCfg = Release|Any CPU
		{6B3E866E-3AAC-44A0-89E4-1ABCC9C5F2F1}.Release|Any CPU.Build.0 = Release|Any CPU
	EndGlobalSection
	GlobalSection(SolutionProperties) = preSolution
		HideSolutionNode = FALSE
	EndGlobalSection
	GlobalSection(ExtensibilityGlobals) = postSolution
		SolutionGuid = {C8C11661-66D9-4B71-9F1F-6FA802969168}
	EndGlobalSection
EndGlobal
